{
  "name": "@definejs/hint-line",
  "version": "0.1.4",
  "lockfileVersion": 1,
  "requires": true,
  "dependencies": {
    "@definejs/lines": {
      "version": "1.0.0",
      "resolved": "https://registry.npmjs.org/@definejs/lines/-/lines-1.0.0.tgz",
      "integrity": "sha512-MEAqB2FF6NmerKZg1ATL3Xo4LRu/Bn83dHfswylpj+KL+Qy9VbI5ooOwFE50dy6k9E0bitqcGgS61zhSkXrivw==",
      "requires": {
        "@definejs/string": "^1.0.0"
      }
    },
    "@definejs/string": {
      "version": "1.0.0",
      "resolved": "https://registry.npmjs.org/@definejs/string/-/string-1.0.0.tgz",
      "integrity": "sha512-w07CpqHYu6th6y+n5jic6ZUdiB19GPzuq8LGHqpSky8R28ugA1uIDkFodd5tt9dokD00pLd4nFY6bO8JuLYxxQ=="
    },
    "colors": {
      "version": "1.4.0",
      "resolved": "https://registry.npmjs.org/colors/-/colors-1.4.0.tgz",
      "integrity": "sha512-a+UqTh4kgZg/SlGvfbzDHpgRu7AAQOmmqRHJnxhRZICKFUT91brVhNNt58CMWU9PsBbv3PDCZUHbVxuDiH2mtA=="
    }
  }
}
